// !$*UTF8*$!
{
	archiveVersion = 1;
	classes = {
	};
	objectVersion = 55;
	objects = {

/* Begin PBXBuildFile section */
		847A7A6828386C3E007F32FD /* AppDelegate.swift in Sources */ = {isa = PBXBuildFile; fileRef = 847A7A6728386C3E007F32FD /* AppDelegate.swift */; };
		847A7A6C28386C3E007F32FD /* VenuesViewController.swift in Sources */ = {isa = PBXBuildFile; fileRef = 847A7A6B28386C3E007F32FD /* VenuesViewController.swift */; };
		847A7A7428386C3F007F32FD /* Assets.xcassets in Resources */ = {isa = PBXBuildFile; fileRef = 847A7A7328386C3F007F32FD /* Assets.xcassets */; };
		847A7A7728386C3F007F32FD /* LaunchScreen.storyboard in Resources */ = {isa = PBXBuildFile; fileRef = 847A7A7528386C3F007F32FD /* LaunchScreen.storyboard */; };
		847A7A8228386C3F007F32FD /* closestfiveTests.swift in Sources */ = {isa = PBXBuildFile; fileRef = 847A7A8128386C3F007F32FD /* closestfiveTests.swift */; };
		847A7AA028386DD9007F32FD /* VenuesViewModel.swift in Sources */ = {isa = PBXBuildFile; fileRef = 847A7A9F28386DD9007F32FD /* VenuesViewModel.swift */; };
		847A7AA628386EA4007F32FD /* ApiClient.swift in Sources */ = {isa = PBXBuildFile; fileRef = 847A7AA528386EA4007F32FD /* ApiClient.swift */; };
		84EE35F82839A43800520214 /* PlacesApi.swift in Sources */ = {isa = PBXBuildFile; fileRef = 84EE35F72839A43800520214 /* PlacesApi.swift */; };
		84EE35FD2839A76000520214 /* PlacesResponse.swift in Sources */ = {isa = PBXBuildFile; fileRef = 84EE35FC2839A76000520214 /* PlacesResponse.swift */; };
		84EE3600283A9AAA00520214 /* RefreshControl.swift in Sources */ = {isa = PBXBuildFile; fileRef = 84EE35FF283A9AAA00520214 /* RefreshControl.swift */; };
		84EE3603283AB0D700520214 /* MainDatabase.xcdatamodeld in Sources */ = {isa = PBXBuildFile; fileRef = 84EE3601283AB0D700520214 /* MainDatabase.xcdatamodeld */; };
		84EE3606283AB14A00520214 /* BaseDatabaseManager.swift in Sources */ = {isa = PBXBuildFile; fileRef = 84EE3605283AB14A00520214 /* BaseDatabaseManager.swift */; };
		84EE3608283ACEC000520214 /* PlacesDatabaseManager.swift in Sources */ = {isa = PBXBuildFile; fileRef = 84EE3607283ACEC000520214 /* PlacesDatabaseManager.swift */; };
		84EE360D283C137500520214 /* LocationService.swift in Sources */ = {isa = PBXBuildFile; fileRef = 84EE360C283C137500520214 /* LocationService.swift */; };
		84EE36122840A57100520214 /* ActionPromptView.swift in Sources */ = {isa = PBXBuildFile; fileRef = 84EE36112840A57100520214 /* ActionPromptView.swift */; };
/* End PBXBuildFile section */

/* Begin PBXContainerItemProxy section */
		847A7A7E28386C3F007F32FD /* PBXContainerItemProxy */ = {
			isa = PBXContainerItemProxy;
			containerPortal = 847A7A5C28386C3E007F32FD /* Project object */;
			proxyType = 1;
			remoteGlobalIDString = 847A7A6328386C3E007F32FD;
			remoteInfo = closestfive;
		};
		847A7A8828386C3F007F32FD /* PBXContainerItemProxy */ = {
			isa = PBXContainerItemProxy;
			containerPortal = 847A7A5C28386C3E007F32FD /* Project object */;
			proxyType = 1;
			remoteGlobalIDString = 847A7A6328386C3E007F32FD;
			remoteInfo = closestfive;
		};
/* End PBXContainerItemProxy section */

/* Begin PBXFileReference section */
		847A7A6428386C3E007F32FD /* closestfive.app */ = {isa = PBXFileReference; explicitFileType = wrapper.application; includeInIndex = 0; path = closestfive.app; sourceTree = BUILT_PRODUCTS_DIR; };
		847A7A6728386C3E007F32FD /* AppDelegate.swift */ = {isa = PBXFileReference; lastKnownFileType = sourcecode.swift; path = AppDelegate.swift; sourceTree = "<group>"; };
		847A7A6B28386C3E007F32FD /* VenuesViewController.swift */ = {isa = PBXFileReference; lastKnownFileType = sourcecode.swift; path = VenuesViewController.swift; sourceTree = "<group>"; };
		847A7A7328386C3F007F32FD /* Assets.xcassets */ = {isa = PBXFileReference; lastKnownFileType = folder.assetcatalog; path = Assets.xcassets; sourceTree = "<group>"; };
		847A7A7628386C3F007F32FD /* Base */ = {isa = PBXFileReference; lastKnownFileType = file.storyboard; name = Base; path = Base.lproj/LaunchScreen.storyboard; sourceTree = "<group>"; };
		847A7A7828386C3F007F32FD /* Info.plist */ = {isa = PBXFileReference; lastKnownFileType = text.plist.xml; path = Info.plist; sourceTree = "<group>"; };
		847A7A7D28386C3F007F32FD /* closestfiveTests.xctest */ = {isa = PBXFileReference; explicitFileType = wrapper.cfbundle; includeInIndex = 0; path = closestfiveTests.xctest; sourceTree = BUILT_PRODUCTS_DIR; };
		847A7A8128386C3F007F32FD /* closestfiveTests.swift */ = {isa = PBXFileReference; lastKnownFileType = sourcecode.swift; path = closestfiveTests.swift; sourceTree = "<group>"; };
		847A7A8728386C3F007F32FD /* closestfiveUITests.xctest */ = {isa = PBXFileReference; explicitFileType = wrapper.cfbundle; includeInIndex = 0; path = closestfiveUITests.xctest; sourceTree = BUILT_PRODUCTS_DIR; };
		847A7A9F28386DD9007F32FD /* VenuesViewModel.swift */ = {isa = PBXFileReference; lastKnownFileType = sourcecode.swift; path = VenuesViewModel.swift; sourceTree = "<group>"; };
		847A7AA528386EA4007F32FD /* ApiClient.swift */ = {isa = PBXFileReference; lastKnownFileType = sourcecode.swift; path = ApiClient.swift; sourceTree = "<group>"; };
		84EE35F72839A43800520214 /* PlacesApi.swift */ = {isa = PBXFileReference; lastKnownFileType = sourcecode.swift; path = PlacesApi.swift; sourceTree = "<group>"; };
		84EE35FC2839A76000520214 /* PlacesResponse.swift */ = {isa = PBXFileReference; lastKnownFileType = sourcecode.swift; path = PlacesResponse.swift; sourceTree = "<group>"; };
		84EE35FF283A9AAA00520214 /* RefreshControl.swift */ = {isa = PBXFileReference; lastKnownFileType = sourcecode.swift; path = RefreshControl.swift; sourceTree = "<group>"; };
		84EE3602283AB0D700520214 /* Places.xcdatamodel */ = {isa = PBXFileReference; lastKnownFileType = wrapper.xcdatamodel; path = Places.xcdatamodel; sourceTree = "<group>"; };
		84EE3605283AB14A00520214 /* BaseDatabaseManager.swift */ = {isa = PBXFileReference; lastKnownFileType = sourcecode.swift; path = BaseDatabaseManager.swift; sourceTree = "<group>"; };
		84EE3607283ACEC000520214 /* PlacesDatabaseManager.swift */ = {isa = PBXFileReference; lastKnownFileType = sourcecode.swift; path = PlacesDatabaseManager.swift; sourceTree = "<group>"; };
		84EE360C283C137500520214 /* LocationService.swift */ = {isa = PBXFileReference; lastKnownFileType = sourcecode.swift; path = LocationService.swift; sourceTree = "<group>"; };
		84EE36112840A57100520214 /* ActionPromptView.swift */ = {isa = PBXFileReference; lastKnownFileType = sourcecode.swift; path = ActionPromptView.swift; sourceTree = "<group>"; };
/* End PBXFileReference section */

/* Begin PBXFrameworksBuildPhase section */
		847A7A6128386C3E007F32FD /* Frameworks */ = {
			isa = PBXFrameworksBuildPhase;
			buildActionMask = 2147483647;
			files = (
			);
			runOnlyForDeploymentPostprocessing = 0;
		};
		847A7A7A28386C3F007F32FD /* Frameworks */ = {
			isa = PBXFrameworksBuildPhase;
			buildActionMask = 2147483647;
			files = (
			);
			runOnlyForDeploymentPostprocessing = 0;
		};
		847A7A8428386C3F007F32FD /* Frameworks */ = {
			isa = PBXFrameworksBuildPhase;
			buildActionMask = 2147483647;
			files = (
			);
			runOnlyForDeploymentPostprocessing = 0;
		};
/* End PBXFrameworksBuildPhase section */

/* Begin PBXGroup section */
		847A7A5B28386C3E007F32FD = {
			isa = PBXGroup;
			children = (
				847A7A6628386C3E007F32FD /* closestfive */,
				847A7A8028386C3F007F32FD /* closestfiveTests */,
				847A7A6528386C3E007F32FD /* Products */,
			);
			sourceTree = "<group>";
		};
		847A7A6528386C3E007F32FD /* Products */ = {
			isa = PBXGroup;
			children = (
				847A7A6428386C3E007F32FD /* closestfive.app */,
				847A7A7D28386C3F007F32FD /* closestfiveTests.xctest */,
				847A7A8728386C3F007F32FD /* closestfiveUITests.xctest */,
			);
			name = Products;
			sourceTree = "<group>";
		};
		847A7A6628386C3E007F32FD /* closestfive */ = {
			isa = PBXGroup;
			children = (
				847A7A9B28386C4E007F32FD /* AppDelegate */,
				84EE360B283C136800520214 /* Services */,
				84EE35F92839A74000520214 /* Networking */,
				847A7A9C28386C53007F32FD /* Scenes */,
				84EE36102840A40800520214 /* UIComponents */,
				847A7A9A28386C48007F32FD /* Resources */,
				84EE3604283AB0E000520214 /* Database */,
			);
			path = closestfive;
			sourceTree = "<group>";
		};
		847A7A8028386C3F007F32FD /* closestfiveTests */ = {
			isa = PBXGroup;
			children = (
				847A7A8128386C3F007F32FD /* closestfiveTests.swift */,
			);
			path = closestfiveTests;
			sourceTree = "<group>";
		};
		847A7A9A28386C48007F32FD /* Resources */ = {
			isa = PBXGroup;
			children = (
				847A7A7328386C3F007F32FD /* Assets.xcassets */,
				847A7A7528386C3F007F32FD /* LaunchScreen.storyboard */,
				847A7A7828386C3F007F32FD /* Info.plist */,
			);
			path = Resources;
			sourceTree = "<group>";
		};
		847A7A9B28386C4E007F32FD /* AppDelegate */ = {
			isa = PBXGroup;
			children = (
				847A7A6728386C3E007F32FD /* AppDelegate.swift */,
			);
			path = AppDelegate;
			sourceTree = "<group>";
		};
		847A7A9C28386C53007F32FD /* Scenes */ = {
			isa = PBXGroup;
			children = (
				847A7A9E28386DA9007F32FD /* Venues */,
			);
			path = Scenes;
			sourceTree = "<group>";
		};
		847A7A9E28386DA9007F32FD /* Venues */ = {
			isa = PBXGroup;
			children = (
				847A7A6B28386C3E007F32FD /* VenuesViewController.swift */,
				847A7A9F28386DD9007F32FD /* VenuesViewModel.swift */,
			);
			path = Venues;
			sourceTree = "<group>";
		};
		847A7AA128386E31007F32FD /* Api */ = {
			isa = PBXGroup;
			children = (
				84EE35F62839A42300520214 /* PlacesApi */,
			);
			path = Api;
			sourceTree = "<group>";
		};
		847A7AA428386E96007F32FD /* ApiClient */ = {
			isa = PBXGroup;
			children = (
				847A7AA528386EA4007F32FD /* ApiClient.swift */,
			);
			path = ApiClient;
			sourceTree = "<group>";
		};
		84EE35F62839A42300520214 /* PlacesApi */ = {
			isa = PBXGroup;
			children = (
				84EE35F72839A43800520214 /* PlacesApi.swift */,
			);
			path = PlacesApi;
			sourceTree = "<group>";
		};
		84EE35F92839A74000520214 /* Networking */ = {
			isa = PBXGroup;
			children = (
				847A7AA128386E31007F32FD /* Api */,
				84EE35FA2839A74B00520214 /* Response */,
				847A7AA428386E96007F32FD /* ApiClient */,
			);
			path = Networking;
			sourceTree = "<group>";
		};
		84EE35FA2839A74B00520214 /* Response */ = {
			isa = PBXGroup;
			children = (
				84EE35FB2839A75500520214 /* Places */,
			);
			path = Response;
			sourceTree = "<group>";
		};
		84EE35FB2839A75500520214 /* Places */ = {
			isa = PBXGroup;
			children = (
				84EE35FC2839A76000520214 /* PlacesResponse.swift */,
			);
			path = Places;
			sourceTree = "<group>";
		};
		84EE3604283AB0E000520214 /* Database */ = {
			isa = PBXGroup;
			children = (
				84EE3607283ACEC000520214 /* PlacesDatabaseManager.swift */,
				84EE360A283ACF3F00520214 /* DataModels */,
				84EE3609283ACF0E00520214 /* BaseDatabaseManager */,
			);
			path = Database;
			sourceTree = "<group>";
		};
		84EE3609283ACF0E00520214 /* BaseDatabaseManager */ = {
			isa = PBXGroup;
			children = (
				84EE3605283AB14A00520214 /* BaseDatabaseManager.swift */,
			);
			path = BaseDatabaseManager;
			sourceTree = "<group>";
		};
		84EE360A283ACF3F00520214 /* DataModels */ = {
			isa = PBXGroup;
			children = (
				84EE3601283AB0D700520214 /* MainDatabase.xcdatamodeld */,
			);
			path = DataModels;
			sourceTree = "<group>";
		};
		84EE360B283C136800520214 /* Services */ = {
			isa = PBXGroup;
			children = (
				84EE360C283C137500520214 /* LocationService.swift */,
			);
			path = Services;
			sourceTree = "<group>";
		};
		84EE36102840A40800520214 /* UIComponents */ = {
			isa = PBXGroup;
			children = (
				84EE35FF283A9AAA00520214 /* RefreshControl.swift */,
				84EE36112840A57100520214 /* ActionPromptView.swift */,
			);
			name = UIComponents;
			path = ../UIComponents;
			sourceTree = "<group>";
		};
/* End PBXGroup section */

/* Begin PBXNativeTarget section */
		847A7A6328386C3E007F32FD /* closestfive */ = {
			isa = PBXNativeTarget;
			buildConfigurationList = 847A7A9128386C3F007F32FD /* Build configuration list for PBXNativeTarget "closestfive" */;
			buildPhases = (
				847A7A6028386C3E007F32FD /* Sources */,
				847A7A6128386C3E007F32FD /* Frameworks */,
				847A7A6228386C3E007F32FD /* Resources */,
			);
			buildRules = (
			);
			dependencies = (
			);
			name = closestfive;
			productName = closestfive;
			productReference = 847A7A6428386C3E007F32FD /* closestfive.app */;
			productType = "com.apple.product-type.application";
		};
		847A7A7C28386C3F007F32FD /* closestfiveTests */ = {
			isa = PBXNativeTarget;
			buildConfigurationList = 847A7A9428386C3F007F32FD /* Build configuration list for PBXNativeTarget "closestfiveTests" */;
			buildPhases = (
				847A7A7928386C3F007F32FD /* Sources */,
				847A7A7A28386C3F007F32FD /* Frameworks */,
				847A7A7B28386C3F007F32FD /* Resources */,
			);
			buildRules = (
			);
			dependencies = (
				847A7A7F28386C3F007F32FD /* PBXTargetDependency */,
			);
			name = closestfiveTests;
			productName = closestfiveTests;
			productReference = 847A7A7D28386C3F007F32FD /* closestfiveTests.xctest */;
			productType = "com.apple.product-type.bundle.unit-test";
		};
		847A7A8628386C3F007F32FD /* closestfiveUITests */ = {
			isa = PBXNativeTarget;
			buildConfigurationList = 847A7A9728386C3F007F32FD /* Build configuration list for PBXNativeTarget "closestfiveUITests" */;
			buildPhases = (
				847A7A8328386C3F007F32FD /* Sources */,
				847A7A8428386C3F007F32FD /* Frameworks */,
				847A7A8528386C3F007F32FD /* Resources */,
			);
			buildRules = (
			);
			dependencies = (
				847A7A8928386C3F007F32FD /* PBXTargetDependency */,
			);
			name = closestfiveUITests;
			productName = closestfiveUITests;
			productReference = 847A7A8728386C3F007F32FD /* closestfiveUITests.xctest */;
			productType = "com.apple.product-type.bundle.ui-testing";
		};
/* End PBXNativeTarget section */

/* Begin PBXProject section */
		847A7A5C28386C3E007F32FD /* Project object */ = {
			isa = PBXProject;
			attributes = {
				BuildIndependentTargetsInParallel = 1;
				LastSwiftUpdateCheck = 1320;
				LastUpgradeCheck = 1320;
				TargetAttributes = {
					847A7A6328386C3E007F32FD = {
						CreatedOnToolsVersion = 13.2.1;
					};
					847A7A7C28386C3F007F32FD = {
						CreatedOnToolsVersion = 13.2.1;
						TestTargetID = 847A7A6328386C3E007F32FD;
					};
					847A7A8628386C3F007F32FD = {
						CreatedOnToolsVersion = 13.2.1;
						TestTargetID = 847A7A6328386C3E007F32FD;
					};
				};
			};
			buildConfigurationList = 847A7A5F28386C3E007F32FD /* Build configuration list for PBXProject "closestfive" */;
			compatibilityVersion = "Xcode 13.0";
			developmentRegion = en;
			hasScannedForEncodings = 0;
			knownRegions = (
				en,
				Base,
			);
			mainGroup = 847A7A5B28386C3E007F32FD;
			productRefGroup = 847A7A6528386C3E007F32FD /* Products */;
			projectDirPath = "";
			projectRoot = "";
			targets = (
				847A7A6328386C3E007F32FD /* closestfive */,
				847A7A7C28386C3F007F32FD /* closestfiveTests */,
				847A7A8628386C3F007F32FD /* closestfiveUITests */,
			);
		};
/* End PBXProject section */

/* Begin PBXResourcesBuildPhase section */
		847A7A6228386C3E007F32FD /* Resources */ = {
			isa = PBXResourcesBuildPhase;
			buildActionMask = 2147483647;
			files = (
				847A7A7728386C3F007F32FD /* LaunchScreen.storyboard in Resources */,
				847A7A7428386C3F007F32FD /* Assets.xcassets in Resources */,
			);
			runOnlyForDeploymentPostprocessing = 0;
		};
		847A7A7B28386C3F007F32FD /* Resources */ = {
			isa = PBXResourcesBuildPhase;
			buildActionMask = 2147483647;
			files = (
			);
			runOnlyForDeploymentPostprocessing = 0;
		};
		847A7A8528386C3F007F32FD /* Resources */ = {
			isa = PBXResourcesBuildPhase;
			buildActionMask = 2147483647;
			files = (
			);
			runOnlyForDeploymentPostprocessing = 0;
		};
/* End PBXResourcesBuildPhase section */

/* Begin PBXSourcesBuildPhase section */
		847A7A6028386C3E007F32FD /* Sources */ = {
			isa = PBXSourcesBuildPhase;
			buildActionMask = 2147483647;
			files = (
				847A7AA028386DD9007F32FD /* VenuesViewModel.swift in Sources */,
				847A7A6C28386C3E007F32FD /* VenuesViewController.swift in Sources */,
				847A7A6828386C3E007F32FD /* AppDelegate.swift in Sources */,
				847A7AA628386EA4007F32FD /* ApiClient.swift in Sources */,
				84EE3608283ACEC000520214 /* PlacesDatabaseManager.swift in Sources */,
				84EE35F82839A43800520214 /* PlacesApi.swift in Sources */,
				84EE3606283AB14A00520214 /* BaseDatabaseManager.swift in Sources */,
				84EE35FD2839A76000520214 /* PlacesResponse.swift in Sources */,
				84EE3600283A9AAA00520214 /* RefreshControl.swift in Sources */,
				84EE36122840A57100520214 /* ActionPromptView.swift in Sources */,
				84EE360D283C137500520214 /* LocationService.swift in Sources */,
				84EE3603283AB0D700520214 /* MainDatabase.xcdatamodeld in Sources */,
			);
			runOnlyForDeploymentPostprocessing = 0;
		};
		847A7A7928386C3F007F32FD /* Sources */ = {
			isa = PBXSourcesBuildPhase;
			buildActionMask = 2147483647;
			files = (
				847A7A8228386C3F007F32FD /* closestfiveTests.swift in Sources */,
			);
			runOnlyForDeploymentPostprocessing = 0;
		};
		847A7A8328386C3F007F32FD /* Sources */ = {
			isa = PBXSourcesBuildPhase;
			buildActionMask = 2147483647;
			files = (
			);
			runOnlyForDeploymentPostprocessing = 0;
		};
/* End PBXSourcesBuildPhase section */

/* Begin PBXTargetDependency section */
		847A7A7F28386C3F007F32FD /* PBXTargetDependency */ = {
			isa = PBXTargetDependency;
			target = 847A7A6328386C3E007F32FD /* closestfive */;
			targetProxy = 847A7A7E28386C3F007F32FD /* PBXContainerItemProxy */;
		};
		847A7A8928386C3F007F32FD /* PBXTargetDependency */ = {
			isa = PBXTargetDependency;
			target = 847A7A6328386C3E007F32FD /* closestfive */;
			targetProxy = 847A7A8828386C3F007F32FD /* PBXContainerItemProxy */;
		};
/* End PBXTargetDependency section */

/* Begin PBXVariantGroup section */
		847A7A7528386C3F007F32FD /* LaunchScreen.storyboard */ = {
			isa = PBXVariantGroup;
			children = (
				847A7A7628386C3F007F32FD /* Base */,
			);
			name = LaunchScreen.storyboard;
			sourceTree = "<group>";
		};
/* End PBXVariantGroup section */

/* Begin XCBuildConfiguration section */
		847A7A8F28386C3F007F32FD /* Debug */ = {
			isa = XCBuildConfiguration;
			buildSettings = {
				ALWAYS_SEARCH_USER_PATHS = NO;
				CLANG_ANALYZER_NONNULL = YES;
				CLANG_ANALYZER_NUMBER_OBJECT_CONVERSION = YES_AGGRESSIVE;
				CLANG_CXX_LANGUAGE_STANDARD = "gnu++17";
				CLANG_CXX_LIBRARY = "libc++";
				CLANG_ENABLE_MODULES = YES;
				CLANG_ENABLE_OBJC_ARC = YES;
				CLANG_ENABLE_OBJC_WEAK = YES;
				CLANG_WARN_BLOCK_CAPTURE_AUTORELEASING = YES;
				CLANG_WARN_BOOL_CONVERSION = YES;
				CLANG_WARN_COMMA = YES;
				CLANG_WARN_CONSTANT_CONVERSION = YES;
				CLANG_WARN_DEPRECATED_OBJC_IMPLEMENTATIONS = YES;
				CLANG_WARN_DIRECT_OBJC_ISA_USAGE = YES_ERROR;
				CLANG_WARN_DOCUMENTATION_COMMENTS = YES;
				CLANG_WARN_EMPTY_BODY = YES;
				CLANG_WARN_ENUM_CONVERSION = YES;
				CLANG_WARN_INFINITE_RECURSION = YES;
				CLANG_WARN_INT_CONVERSION = YES;
				CLANG_WARN_NON_LITERAL_NULL_CONVERSION = YES;
				CLANG_WARN_OBJC_IMPLICIT_RETAIN_SELF = YES;
				CLANG_WARN_OBJC_LITERAL_CONVERSION = YES;
				CLANG_WARN_OBJC_ROOT_CLASS = YES_ERROR;
				CLANG_WARN_QUOTED_INCLUDE_IN_FRAMEWORK_HEADER = YES;
				CLANG_WARN_RANGE_LOOP_ANALYSIS = YES;
				CLANG_WARN_STRICT_PROTOTYPES = YES;
				CLANG_WARN_SUSPICIOUS_MOVE = YES;
				CLANG_WARN_UNGUARDED_AVAILABILITY = YES_AGGRESSIVE;
				CLANG_WARN_UNREACHABLE_CODE = YES;
				CLANG_WARN__DUPLICATE_METHOD_MATCH = YES;
				COPY_PHASE_STRIP = NO;
				DEBUG_INFORMATION_FORMAT = dwarf;
				ENABLE_STRICT_OBJC_MSGSEND = YES;
				ENABLE_TESTABILITY = YES;
				GCC_C_LANGUAGE_STANDARD = gnu11;
				GCC_DYNAMIC_NO_PIC = NO;
				GCC_NO_COMMON_BLOCKS = YES;
				GCC_OPTIMIZATION_LEVEL = 0;
				GCC_PREPROCESSOR_DEFINITIONS = (
					"DEBUG=1",
					"$(inherited)",
				);
				GCC_WARN_64_TO_32_BIT_CONVERSION = YES;
				GCC_WARN_ABOUT_RETURN_TYPE = YES_ERROR;
				GCC_WARN_UNDECLARED_SELECTOR = YES;
				GCC_WARN_UNINITIALIZED_AUTOS = YES_AGGRESSIVE;
				GCC_WARN_UNUSED_FUNCTION = YES;
				GCC_WARN_UNUSED_VARIABLE = YES;
				IPHONEOS_DEPLOYMENT_TARGET = 12.0;
				MTL_ENABLE_DEBUG_INFO = INCLUDE_SOURCE;
				MTL_FAST_MATH = YES;
				ONLY_ACTIVE_ARCH = YES;
				SDKROOT = iphoneos;
				SWIFT_ACTIVE_COMPILATION_CONDITIONS = DEBUG;
				SWIFT_OPTIMIZATION_LEVEL = "-Onone";
			};
			name = Debug;
		};
		847A7A9028386C3F007F32FD /* Release */ = {
			isa = XCBuildConfiguration;
			buildSettings = {
				ALWAYS_SEARCH_USER_PATHS = NO;
				CLANG_ANALYZER_NONNULL = YES;
				CLANG_ANALYZER_NUMBER_OBJECT_CONVERSION = YES_AGGRESSIVE;
				CLANG_CXX_LANGUAGE_STANDARD = "gnu++17";
				CLANG_CXX_LIBRARY = "libc++";
				CLANG_ENABLE_MODULES = YES;
				CLANG_ENABLE_OBJC_ARC = YES;
				CLANG_ENABLE_OBJC_WEAK = YES;
				CLANG_WARN_BLOCK_CAPTURE_AUTORELEASING = YES;
				CLANG_WARN_BOOL_CONVERSION = YES;
				CLANG_WARN_COMMA = YES;
				CLANG_WARN_CONSTANT_CONVERSION = YES;
				CLANG_WARN_DEPRECATED_OBJC_IMPLEMENTATIONS = YES;
				CLANG_WARN_DIRECT_OBJC_ISA_USAGE = YES_ERROR;
				CLANG_WARN_DOCUMENTATION_COMMENTS = YES;
				CLANG_WARN_EMPTY_BODY = YES;
				CLANG_WARN_ENUM_CONVERSION = YES;
				CLANG_WARN_INFINITE_RECURSION = YES;
				CLANG_WARN_INT_CONVERSION = YES;
				CLANG_WARN_NON_LITERAL_NULL_CONVERSION = YES;
				CLANG_WARN_OBJC_IMPLICIT_RETAIN_SELF = YES;
				CLANG_WARN_OBJC_LITERAL_CONVERSION = YES;
				CLANG_WARN_OBJC_ROOT_CLASS = YES_ERROR;
				CLANG_WARN_QUOTED_INCLUDE_IN_FRAMEWORK_HEADER = YES;
				CLANG_WARN_RANGE_LOOP_ANALYSIS = YES;
				CLANG_WARN_STRICT_PROTOTYPES = YES;
				CLANG_WARN_SUSPICIOUS_MOVE = YES;
				CLANG_WARN_UNGUARDED_AVAILABILITY = YES_AGGRESSIVE;
				CLANG_WARN_UNREACHABLE_CODE = YES;
				CLANG_WARN__DUPLICATE_METHOD_MATCH = YES;
				COPY_PHASE_STRIP = NO;
				DEBUG_INFORMATION_FORMAT = "dwarf-with-dsym";
				ENABLE_NS_ASSERTIONS = NO;
				ENABLE_STRICT_OBJC_MSGSEND = YES;
				GCC_C_LANGUAGE_STANDARD = gnu11;
				GCC_NO_COMMON_BLOCKS = YES;
				GCC_WARN_64_TO_32_BIT_CONVERSION = YES;
				GCC_WARN_ABOUT_RETURN_TYPE = YES_ERROR;
				GCC_WARN_UNDECLARED_SELECTOR = YES;
				GCC_WARN_UNINITIALIZED_AUTOS = YES_AGGRESSIVE;
				GCC_WARN_UNUSED_FUNCTION = YES;
				GCC_WARN_UNUSED_VARIABLE = YES;
				IPHONEOS_DEPLOYMENT_TARGET = 12.0;
				MTL_ENABLE_DEBUG_INFO = NO;
				MTL_FAST_MATH = YES;
				SDKROOT = iphoneos;
				SWIFT_COMPILATION_MODE = wholemodule;
				SWIFT_OPTIMIZATION_LEVEL = "-O";
				VALIDATE_PRODUCT = YES;
			};
			name = Release;
		};
		847A7A9228386C3F007F32FD /* Debug */ = {
			isa = XCBuildConfiguration;
			buildSettings = {
				ASSETCATALOG_COMPILER_APPICON_NAME = AppIcon;
				ASSETCATALOG_COMPILER_GLOBAL_ACCENT_COLOR_NAME = AccentColor;
				CODE_SIGN_STYLE = Automatic;
				CURRENT_PROJECT_VERSION = 1;
				GENERATE_INFOPLIST_FILE = YES;
				INFOPLIST_FILE = closestfive/Resources/Info.plist;
				INFOPLIST_KEY_UIApplicationSupportsIndirectInputEvents = YES;
				INFOPLIST_KEY_UILaunchStoryboardName = LaunchScreen;
				INFOPLIST_KEY_UISupportedInterfaceOrientations = UIInterfaceOrientationPortrait;
				INFOPLIST_KEY_UISupportedInterfaceOrientations_iPad = "UIInterfaceOrientationPortrait UIInterfaceOrientationPortraitUpsideDown UIInterfaceOrientationLandscapeLeft UIInterfaceOrientationLandscapeRight";
				INFOPLIST_KEY_UISupportedInterfaceOrientations_iPhone = "UIInterfaceOrientationPortrait UIInterfaceOrientationLandscapeLeft UIInterfaceOrientationLandscapeRight";
				LD_RUNPATH_SEARCH_PATHS = (
					"$(inherited)",
					"@executable_path/Frameworks",
				);
				MARKETING_VERSION = 1.0;
				PRODUCT_BUNDLE_IDENTIFIER = com.mentormate.closestfive;
				PRODUCT_NAME = "$(TARGET_NAME)";
				SWIFT_EMIT_LOC_STRINGS = YES;
				SWIFT_VERSION = 5.0;
				TARGETED_DEVICE_FAMILY = 1;
			};
			name = Debug;
		};
		847A7A9328386C3F007F32FD /* Release */ = {
			isa = XCBuildConfiguration;
			buildSettings = {
				ASSETCATALOG_COMPILER_APPICON_NAME = AppIcon;
				ASSETCATALOG_COMPILER_GLOBAL_ACCENT_COLOR_NAME = AccentColor;
				CODE_SIGN_STYLE = Automatic;
				CURRENT_PROJECT_VERSION = 1;
				GENERATE_INFOPLIST_FILE = YES;
				INFOPLIST_FILE = closestfive/Resources/Info.plist;
				INFOPLIST_KEY_UIApplicationSupportsIndirectInputEvents = YES;
				INFOPLIST_KEY_UILaunchStoryboardName = LaunchScreen;
				INFOPLIST_KEY_UISupportedInterfaceOrientations = UIInterfaceOrientationPortrait;
				INFOPLIST_KEY_UISupportedInterfaceOrientations_iPad = "UIInterfaceOrientationPortrait UIInterfaceOrientationPortraitUpsideDown UIInterfaceOrientationLandscapeLeft UIInterfaceOrientationLandscapeRight";
				INFOPLIST_KEY_UISupportedInterfaceOrientations_iPhone = "UIInterfaceOrientationPortrait UIInterfaceOrientationLandscapeLeft UIInterfaceOrientationLandscapeRight";
				LD_RUNPATH_SEARCH_PATHS = (
					"$(inherited)",
					"@executable_path/Frameworks",
				);
				MARKETING_VERSION = 1.0;
				PRODUCT_BUNDLE_IDENTIFIER = com.mentormate.closestfive;
				PRODUCT_NAME = "$(TARGET_NAME)";
				SWIFT_EMIT_LOC_STRINGS = YES;
				SWIFT_VERSION = 5.0;
				TARGETED_DEVICE_FAMILY = 1;
			};
			name = Release;
		};
		847A7A9528386C3F007F32FD /* Debug */ = {
			isa = XCBuildConfiguration;
			buildSettings = {
				ALWAYS_EMBED_SWIFT_STANDARD_LIBRARIES = YES;
				BUNDLE_LOADER = "$(TEST_HOST)";
				CODE_SIGN_STYLE = Automatic;
				CURRENT_PROJECT_VERSION = 1;
				GENERATE_INFOPLIST_FILE = YES;
				IPHONEOS_DEPLOYMENT_TARGET = 15.2;
				MARKETING_VERSION = 1.0;
				PRODUCT_BUNDLE_IDENTIFIER = com.mentormate.closestfiveTests;
				PRODUCT_NAME = "$(TARGET_NAME)";
				SWIFT_EMIT_LOC_STRINGS = NO;
				SWIFT_VERSION = 5.0;
				TARGETED_DEVICE_FAMILY = "1,2";
				TEST_HOST = "$(BUILT_PRODUCTS_DIR)/closestfive.app/closestfive";
			};
			name = Debug;
		};
		847A7A9628386C3F007F32FD /* Release */ = {
			isa = XCBuildConfiguration;
			buildSettings = {
				ALWAYS_EMBED_SWIFT_STANDARD_LIBRARIES = YES;
				BUNDLE_LOADER = "$(TEST_HOST)";
				CODE_SIGN_STYLE = Automatic;
				CURRENT_PROJECT_VERSION = 1;
				GENERATE_INFOPLIST_FILE = YES;
				IPHONEOS_DEPLOYMENT_TARGET = 15.2;
				MARKETING_VERSION = 1.0;
				PRODUCT_BUNDLE_IDENTIFIER = com.mentormate.closestfiveTests;
				PRODUCT_NAME = "$(TARGET_NAME)";
				SWIFT_EMIT_LOC_STRINGS = NO;
				SWIFT_VERSION = 5.0;
				TARGETED_DEVICE_FAMILY = "1,2";
				TEST_HOST = "$(BUILT_PRODUCTS_DIR)/closestfive.app/closestfive";
			};
			name = Release;
		};
		847A7A9828386C3F007F32FD /* Debug */ = {
			isa = XCBuildConfiguration;
			buildSettings = {
				ALWAYS_EMBED_SWIFT_STANDARD_LIBRARIES = YES;
				CODE_SIGN_STYLE = Automatic;
				CURRENT_PROJECT_VERSION = 1;
				GENERATE_INFOPLIST_FILE = YES;
				MARKETING_VERSION = 1.0;
				PRODUCT_BUNDLE_IDENTIFIER = com.mentormate.closestfiveUITests;
				PRODUCT_NAME = "$(TARGET_NAME)";
				SWIFT_EMIT_LOC_STRINGS = NO;
				SWIFT_VERSION = 5.0;
				TARGETED_DEVICE_FAMILY = "1,2";
				TEST_TARGET_NAME = closestfive;
			};
			name = Debug;
		};
		847A7A9928386C3F007F32FD /* Release */ = {
			isa = XCBuildConfiguration;
			buildSettings = {
				ALWAYS_EMBED_SWIFT_STANDARD_LIBRARIES = YES;
				CODE_SIGN_STYLE = Automatic;
				CURRENT_PROJECT_VERSION = 1;
				GENERATE_INFOPLIST_FILE = YES;
				MARKETING_VERSION = 1.0;
				PRODUCT_BUNDLE_IDENTIFIER = com.mentormate.closestfiveUITests;
				PRODUCT_NAME = "$(TARGET_NAME)";
				SWIFT_EMIT_LOC_STRINGS = NO;
				SWIFT_VERSION = 5.0;
				TARGETED_DEVICE_FAMILY = "1,2";
				TEST_TARGET_NAME = closestfive;
			};
			name = Release;
		};
/* End XCBuildConfiguration section */

/* Begin XCConfigurationList section */
		847A7A5F28386C3E007F32FD /* Build configuration list for PBXProject "closestfive" */ = {
			isa = XCConfigurationList;
			buildConfigurations = (
				847A7A8F28386C3F007F32FD /* Debug */,
				847A7A9028386C3F007F32FD /* Release */,
			);
			defaultConfigurationIsVisible = 0;
			defaultConfigurationName = Release;
		};
		847A7A9128386C3F007F32FD /* Build configuration list for PBXNativeTarget "closestfive" */ = {
			isa = XCConfigurationList;
			buildConfigurations = (
				847A7A9228386C3F007F32FD /* Debug */,
				847A7A9328386C3F007F32FD /* Release */,
			);
			defaultConfigurationIsVisible = 0;
			defaultConfigurationName = Release;
		};
		847A7A9428386C3F007F32FD /* Build configuration list for PBXNativeTarget "closestfiveTests" */ = {
			isa = XCConfigurationList;
			buildConfigurations = (
				847A7A9528386C3F007F32FD /* Debug */,
				847A7A9628386C3F007F32FD /* Release */,
			);
			defaultConfigurationIsVisible = 0;
			defaultConfigurationName = Release;
		};
		847A7A9728386C3F007F32FD /* Build configuration list for PBXNativeTarget "closestfiveUITests" */ = {
			isa = XCConfigurationList;
			buildConfigurations = (
				847A7A9828386C3F007F32FD /* Debug */,
				847A7A9928386C3F007F32FD /* Release */,
			);
			defaultConfigurationIsVisible = 0;
			defaultConfigurationName = Release;
		};
/* End XCConfigurationList section */

/* Begin XCVersionGroup section */
		84EE3601283AB0D700520214 /* MainDatabase.xcdatamodeld */ = {
			isa = XCVersionGroup;
			children = (
				84EE3602283AB0D700520214 /* Places.xcdatamodel */,
			);
			currentVersion = 84EE3602283AB0D700520214 /* Places.xcdatamodel */;
			path = MainDatabase.xcdatamodeld;
			sourceTree = "<group>";
			versionGroupType = wrapper.xcdatamodel;
		};
/* End XCVersionGroup section */
	};
	rootObject = 847A7A5C28386C3E007F32FD /* Project object */;
}
